
Microsoft Visual Studio Solution File, Format Version 12.00
# Visual Studio 14
VisualStudioVersion = 14.0.23107.0
MinimumVisualStudioVersion = 10.0.40219.1
Project("{FAE04EC0-301F-11D3-BF4B-00C04F79EFBC}") = "AsynchronousServerSample", "AsynchronousServerSample\AsynchronousServerSample.csproj", "{C039A649-C256-44A4-A06B-25C6BFE64EFB}"
EndProject
Global
	GlobalSection(SolutionConfigurationPlatforms) = preSolution
		Debug|Any CPU = Debug|Any CPU
		Release|Any CPU = Release|Any CPU
	EndGlobalSection
	GlobalSection(ProjectConfigurationPlatforms) = postSolution
		{C039A649-C256-44A4-A06B-25C6BFE64EFB}.Debug|Any CPU.ActiveCfg = Debug|Any CPU
		{C039A649-C256-44A4-A06B-25C6BFE64EFB}.Debug|Any CPU.Build.0 = Debug|Any CPU
		{C039A649-C256-44A4-A06B-25C6BFE64EFB}.Release|Any CPU.ActiveCfg = Release|Any CPU
		{C039A649-C256-44A4-A06B-25C6BFE64EFB}.Release|Any CPU.Build.0 = Release|Any CPU
	EndGlobalSection
	GlobalSection(SolutionProperties) = preSolution
		HideSolutionNode = FALSE
	EndGlobalSection
EndGlobal
